
Microsoft Visual Studio Solution File, Format Version 12.00
# Visual Studio Version 17
VisualStudioVersion = 17.4.33403.182
MinimumVisualStudioVersion = 10.0.40219.1
Project("{FAE04EC0-301F-11D3-BF4B-00C04F79EFBC}") = "BQHuy_WebApi", "BQHuy_WebApi\BQHuy_WebApi.csproj", "{34720F7D-114E-483C-935C-0482DCCA15E4}"
EndProject
Project("{FAE04EC0-301F-11D3-BF4B-00C04F79EFBC}") = "BQHuy_WebMVC", "BQHuy_WebMVC\BQHuy_WebMVC.csproj", "{D7EF66F6-E73E-4166-86EA-521FDF4B2036}"
EndProject
Project("{FAE04EC0-301F-11D3-BF4B-00C04F79EFBC}") = "BussinessObject", "BussinessObject\BussinessObject.csproj", "{AE36467A-23D5-4769-870A-D7DE45662315}"
EndProject
Project("{FAE04EC0-301F-11D3-BF4B-00C04F79EFBC}") = "Repositories", "Repositories\Repositories.csproj", "{41355B61-60C1-4FCB-92D0-8689B873835B}"
EndProject
Project("{FAE04EC0-301F-11D3-BF4B-00C04F79EFBC}") = "DataAccess", "DataAccess\DataAccess.csproj", "{F1184525-36D6-4B90-AA94-5D5C4AE5DAC6}"
EndProject
Global
	GlobalSection(SolutionConfigurationPlatforms) = preSolution
		Debug|Any CPU = Debug|Any CPU
		Release|Any CPU = Release|Any CPU
	EndGlobalSection
	GlobalSection(ProjectConfigurationPlatforms) = postSolution
		{34720F7D-114E-483C-935C-0482DCCA15E4}.Debug|Any CPU.ActiveCfg = Debug|Any CPU
		{34720F7D-114E-483C-935C-0482DCCA15E4}.Debug|Any CPU.Build.0 = Debug|Any CPU
		{34720F7D-114E-483C-935C-0482DCCA15E4}.Release|Any CPU.ActiveCfg = Release|Any CPU
		{34720F7D-114E-483C-935C-0482DCCA15E4}.Release|Any CPU.Build.0 = Release|Any CPU
		{D7EF66F6-E73E-4166-86EA-521FDF4B2036}.Debug|Any CPU.ActiveCfg = Debug|Any CPU
		{D7EF66F6-E73E-4166-86EA-521FDF4B2036}.Debug|Any CPU.Build.0 = Debug|Any CPU
		{D7EF66F6-E73E-4166-86EA-521FDF4B2036}.Release|Any CPU.ActiveCfg = Release|Any CPU
		{D7EF66F6-E73E-4166-86EA-521FDF4B2036}.Release|Any CPU.Build.0 = Release|Any CPU
		{AE36467A-23D5-4769-870A-D7DE45662315}.Debug|Any CPU.ActiveCfg = Debug|Any CPU
		{AE36467A-23D5-4769-870A-D7DE45662315}.Debug|Any CPU.Build.0 = Debug|Any CPU
		{AE36467A-23D5-4769-870A-D7DE45662315}.Release|Any CPU.ActiveCfg = Release|Any CPU
		{AE36467A-23D5-4769-870A-D7DE45662315}.Release|Any CPU.Build.0 = Release|Any CPU
		{41355B61-60C1-4FCB-92D0-8689B873835B}.Debug|Any CPU.ActiveCfg = Debug|Any CPU
		{41355B61-60C1-4FCB-92D0-8689B873835B}.Debug|Any CPU.Build.0 = Debug|Any CPU
		{41355B61-60C1-4FCB-92D0-8689B873835B}.Release|Any CPU.ActiveCfg = Release|Any CPU
		{41355B61-60C1-4FCB-92D0-8689B873835B}.Release|Any CPU.Build.0 = Release|Any CPU
		{F1184525-36D6-4B90-AA94-5D5C4AE5DAC6}.Debug|Any CPU.ActiveCfg = Debug|Any CPU
		{F1184525-36D6-4B90-AA94-5D5C4AE5DAC6}.Debug|Any CPU.Build.0 = Debug|Any CPU
		{F1184525-36D6-4B90-AA94-5D5C4AE5DAC6}.Release|Any CPU.ActiveCfg = Release|Any CPU
		{F1184525-36D6-4B90-AA94-5D5C4AE5DAC6}.Release|Any CPU.Build.0 = Release|Any CPU
	EndGlobalSection
	GlobalSection(SolutionProperties) = preSolution
		HideSolutionNode = FALSE
	EndGlobalSection
	GlobalSection(ExtensibilityGlobals) = postSolution
		SolutionGuid = {62C7B685-747C-42BC-AAB6-657416B4E752}
	EndGlobalSection
EndGlobal
